// !$*UTF8*$!
{
	archiveVersion = 1;
	classes = {
	};
	objectVersion = 50;
	objects = {

/* Begin PBXBuildFile section */
		B20004672179730E00FA632E /* AppDelegate.m in Sources */ = {isa = PBXBuildFile; fileRef = B20004662179730E00FA632E /* AppDelegate.m */; };
		B200046A2179730E00FA632E /* ViewController.m in Sources */ = {isa = PBXBuildFile; fileRef = B20004692179730E00FA632E /* ViewController.m */; };
		B200046D2179730E00FA632E /* Main.storyboard in Resources */ = {isa = PBXBuildFile; fileRef = B200046B2179730E00FA632E /* Main.storyboard */; };
		B200046F2179730F00FA632E /* Assets.xcassets in Resources */ = {isa = PBXBuildFile; fileRef = B200046E2179730F00FA632E /* Assets.xcassets */; };
		B20004722179730F00FA632E /* LaunchScreen.storyboard in Resources */ = {isa = PBXBuildFile; fileRef = B20004702179730F00FA632E /* LaunchScreen.storyboard */; };
		B20004752179730F00FA632E /* main.m in Sources */ = {isa = PBXBuildFile; fileRef = B20004742179730F00FA632E /* main.m */; };
		B200047F2179731000FA632E /* PracticeDemoTests.m in Sources */ = {isa = PBXBuildFile; fileRef = B200047E2179731000FA632E /* PracticeDemoTests.m */; };
		B200048A2179731000FA632E /* PracticeDemoUITests.m in Sources */ = {isa = PBXBuildFile; fileRef = B20004892179731000FA632E /* PracticeDemoUITests.m */; };
/* End PBXBuildFile section */

/* Begin PBXContainerItemProxy section */
		B200047B2179731000FA632E /* PBXContainerItemProxy */ = {
			isa = PBXContainerItemProxy;
			containerPortal = B200045A2179730E00FA632E /* Project object */;
			proxyType = 1;
			remoteGlobalIDString = B20004612179730E00FA632E;
			remoteInfo = PracticeDemo;
		};
		B20004862179731000FA632E /* PBXContainerItemProxy */ = {
			isa = PBXContainerItemProxy;
			containerPortal = B200045A2179730E00FA632E /* Project object */;
			proxyType = 1;
			remoteGlobalIDString = B20004612179730E00FA632E;
			remoteInfo = PracticeDemo;
		};
/* End PBXContainerItemProxy section */

/* Begin PBXFileReference section */
		B20004622179730E00FA632E /* PracticeDemo.app */ = {isa = PBXFileReference; explicitFileType = wrapper.application; includeInIndex = 0; path = PracticeDemo.app; sourceTree = BUILT_PRODUCTS_DIR; };
		B20004652179730E00FA632E /* AppDelegate.h */ = {isa = PBXFileReference; lastKnownFileType = sourcecode.c.h; path = AppDelegate.h; sourceTree = "<group>"; };
		B20004662179730E00FA632E /* AppDelegate.m */ = {isa = PBXFileReference; lastKnownFileType = sourcecode.c.objc; path = AppDelegate.m; sourceTree = "<group>"; };
		B20004682179730E00FA632E /* ViewController.h */ = {isa = PBXFileReference; lastKnownFileType = sourcecode.c.h; path = ViewController.h; sourceTree = "<group>"; };
		B20004692179730E00FA632E /* ViewController.m */ = {isa = PBXFileReference; lastKnownFileType = sourcecode.c.objc; path = ViewController.m; sourceTree = "<group>"; };
		B200046C2179730E00FA632E /* Base */ = {isa = PBXFileReference; lastKnownFileType = file.storyboard; name = Base; path = Base.lproj/Main.storyboard; sourceTree = "<group>"; };
		B200046E2179730F00FA632E /* Assets.xcassets */ = {isa = PBXFileReference; lastKnownFileType = folder.assetcatalog; path = Assets.xcassets; sourceTree = "<group>"; };
		B20004712179730F00FA632E /* Base */ = {isa = PBXFileReference; lastKnownFileType = file.storyboard; name = Base; path = Base.lproj/LaunchScreen.storyboard; sourceTree = "<group>"; };
		B20004732179730F00FA632E /* Info.plist */ = {isa = PBXFileReference; lastKnownFileType = text.plist.xml; path = Info.plist; sourceTree = "<group>"; };
		B20004742179730F00FA632E /* main.m */ = {isa = PBXFileReference; lastKnownFileType = sourcecode.c.objc; path = main.m; sourceTree = "<group>"; };
		B200047A2179731000FA632E /* PracticeDemoTests.xctest */ = {isa = PBXFileReference; explicitFileType = wrapper.cfbundle; includeInIndex = 0; path = PracticeDemoTests.xctest; sourceTree = BUILT_PRODUCTS_DIR; };
		B200047E2179731000FA632E /* PracticeDemoTests.m */ = {isa = PBXFileReference; lastKnownFileType = sourcecode.c.objc; path = PracticeDemoTests.m; sourceTree = "<group>"; };
		B20004802179731000FA632E /* Info.plist */ = {isa = PBXFileReference; lastKnownFileType = text.plist.xml; path = Info.plist; sourceTree = "<group>"; };
		B20004852179731000FA632E /* PracticeDemoUITests.xctest */ = {isa = PBXFileReference; explicitFileType = wrapper.cfbundle; includeInIndex = 0; path = PracticeDemoUITests.xctest; sourceTree = BUILT_PRODUCTS_DIR; };
		B20004892179731000FA632E /* PracticeDemoUITests.m */ = {isa = PBXFileReference; lastKnownFileType = sourcecode.c.objc; path = PracticeDemoUITests.m; sourceTree = "<group>"; };
		B200048B2179731000FA632E /* Info.plist */ = {isa = PBXFileReference; lastKnownFileType = text.plist.xml; path = Info.plist; sourceTree = "<group>"; };
/* End PBXFileReference section */

/* Begin PBXFrameworksBuildPhase section */
		B200045F2179730E00FA632E /* Frameworks */ = {
			isa = PBXFrameworksBuildPhase;
			buildActionMask = 2147483647;
			files = (
			);
			runOnlyForDeploymentPostprocessing = 0;
		};
		B20004772179731000FA632E /* Frameworks */ = {
			isa = PBXFrameworksBuildPhase;
			buildActionMask = 2147483647;
			files = (
			);
			runOnlyForDeploymentPostprocessing = 0;
		};
		B20004822179731000FA632E /* Frameworks */ = {
			isa = PBXFrameworksBuildPhase;
			buildActionMask = 2147483647;
			files = (
			);
			runOnlyForDeploymentPostprocessing = 0;
		};
/* End PBXFrameworksBuildPhase section */

/* Begin PBXGroup section */
		B20004592179730E00FA632E = {
			isa = PBXGroup;
			children = (
				B20004642179730E00FA632E /* PracticeDemo */,
				B200047D2179731000FA632E /* PracticeDemoTests */,
				B20004882179731000FA632E /* PracticeDemoUITests */,
				B20004632179730E00FA632E /* Products */,
			);
			sourceTree = "<group>";
		};
		B20004632179730E00FA632E /* Products */ = {
			isa = PBXGroup;
			children = (
				B20004622179730E00FA632E /* PracticeDemo.app */,
				B200047A2179731000FA632E /* PracticeDemoTests.xctest */,
				B20004852179731000FA632E /* PracticeDemoUITests.xctest */,
			);
			name = Products;
			sourceTree = "<group>";
		};
		B20004642179730E00FA632E /* PracticeDemo */ = {
			isa = PBXGroup;
			children = (
				B20004652179730E00FA632E /* AppDelegate.h */,
				B20004662179730E00FA632E /* AppDelegate.m */,
				B20004682179730E00FA632E /* ViewController.h */,
				B20004692179730E00FA632E /* ViewController.m */,
				B200046B2179730E00FA632E /* Main.storyboard */,
				B200046E2179730F00FA632E /* Assets.xcassets */,
				B20004702179730F00FA632E /* LaunchScreen.storyboard */,
				B20004732179730F00FA632E /* Info.plist */,
				B20004742179730F00FA632E /* main.m */,
			);
			path = PracticeDemo;
			sourceTree = "<group>";
		};
		B200047D2179731000FA632E /* PracticeDemoTests */ = {
			isa = PBXGroup;
			children = (
				B200047E2179731000FA632E /* PracticeDemoTests.m */,
				B20004802179731000FA632E /* Info.plist */,
			);
			path = PracticeDemoTests;
			sourceTree = "<group>";
		};
		B20004882179731000FA632E /* PracticeDemoUITests */ = {
			isa = PBXGroup;
			children = (
				B20004892179731000FA632E /* PracticeDemoUITests.m */,
				B200048B2179731000FA632E /* Info.plist */,
			);
			path = PracticeDemoUITests;
			sourceTree = "<group>";
		};
/* End PBXGroup section */

/* Begin PBXNativeTarget section */
		B20004612179730E00FA632E /* PracticeDemo */ = {
			isa = PBXNativeTarget;
			buildConfigurationList = B200048E2179731000FA632E /* Build configuration list for PBXNativeTarget "PracticeDemo" */;
			buildPhases = (
				B200045E2179730E00FA632E /* Sources */,
				B200045F2179730E00FA632E /* Frameworks */,
				B20004602179730E00FA632E /* Resources */,
			);
			buildRules = (
			);
			dependencies = (
			);
			name = PracticeDemo;
			productName = PracticeDemo;
			productReference = B20004622179730E00FA632E /* PracticeDemo.app */;
			productType = "com.apple.product-type.application";
		};
		B20004792179731000FA632E /* PracticeDemoTests */ = {
			isa = PBXNativeTarget;
			buildConfigurationList = B20004912179731000FA632E /* Build configuration list for PBXNativeTarget "PracticeDemoTests" */;
			buildPhases = (
				B20004762179731000FA632E /* Sources */,
				B20004772179731000FA632E /* Frameworks */,
				B20004782179731000FA632E /* Resources */,
			);
			buildRules = (
			);
			dependencies = (
				B200047C2179731000FA632E /* PBXTargetDependency */,
			);
			name = PracticeDemoTests;
			productName = PracticeDemoTests;
			productReference = B200047A2179731000FA632E /* PracticeDemoTests.xctest */;
			productType = "com.apple.product-type.bundle.unit-test";
		};
		B20004842179731000FA632E /* PracticeDemoUITests */ = {
			isa = PBXNativeTarget;
			buildConfigurationList = B20004942179731000FA632E /* Build configuration list for PBXNativeTarget "PracticeDemoUITests" */;
			buildPhases = (
				B20004812179731000FA632E /* Sources */,
				B20004822179731000FA632E /* Frameworks */,
				B20004832179731000FA632E /* Resources */,
			);
			buildRules = (
			);
			dependencies = (
				B20004872179731000FA632E /* PBXTargetDependency */,
			);
			name = PracticeDemoUITests;
			productName = PracticeDemoUITests;
			productReference = B20004852179731000FA632E /* PracticeDemoUITests.xctest */;
			productType = "com.apple.product-type.bundle.ui-testing";
		};
/* End PBXNativeTarget section */

/* Begin PBXProject section */
		B200045A2179730E00FA632E /* Project object */ = {
			isa = PBXProject;
			attributes = {
				LastUpgradeCheck = 1000;
				ORGANIZATIONNAME = "齐科";
				TargetAttributes = {
					B20004612179730E00FA632E = {
						CreatedOnToolsVersion = 10.0;
					};
					B20004792179731000FA632E = {
						CreatedOnToolsVersion = 10.0;
						TestTargetID = B20004612179730E00FA632E;
					};
					B20004842179731000FA632E = {
						CreatedOnToolsVersion = 10.0;
						TestTargetID = B20004612179730E00FA632E;
					};
				};
			};
			buildConfigurationList = B200045D2179730E00FA632E /* Build configuration list for PBXProject "PracticeDemo" */;
			compatibilityVersion = "Xcode 9.3";
			developmentRegion = en;
			hasScannedForEncodings = 0;
			knownRegions = (
				en,
				Base,
			);
			mainGroup = B20004592179730E00FA632E;
			productRefGroup = B20004632179730E00FA632E /* Products */;
			projectDirPath = "";
			projectRoot = "";
			targets = (
				B20004612179730E00FA632E /* PracticeDemo */,
				B20004792179731000FA632E /* PracticeDemoTests */,
				B20004842179731000FA632E /* PracticeDemoUITests */,
			);
		};
/* End PBXProject section */

/* Begin PBXResourcesBuildPhase section */
		B20004602179730E00FA632E /* Resources */ = {
			isa = PBXResourcesBuildPhase;
			buildActionMask = 2147483647;
			files = (
				B20004722179730F00FA632E /* LaunchScreen.storyboard in Resources */,
				B200046F2179730F00FA632E /* Assets.xcassets in Resources */,
				B200046D2179730E00FA632E /* Main.storyboard in Resources */,
			);
			runOnlyForDeploymentPostprocessing = 0;
		};
		B20004782179731000FA632E /* Resources */ = {
			isa = PBXResourcesBuildPhase;
			buildActionMask = 2147483647;
			files = (
			);
			runOnlyForDeploymentPostprocessing = 0;
		};
		B20004832179731000FA632E /* Resources */ = {
			isa = PBXResourcesBuildPhase;
			buildActionMask = 2147483647;
			files = (
			);
			runOnlyForDeploymentPostprocessing = 0;
		};
/* End PBXResourcesBuildPhase section */

/* Begin PBXSourcesBuildPhase section */
		B200045E2179730E00FA632E /* Sources */ = {
			isa = PBXSourcesBuildPhase;
			buildActionMask = 2147483647;
			files = (
				B200046A2179730E00FA632E /* ViewController.m in Sources */,
				B20004752179730F00FA632E /* main.m in Sources */,
				B20004672179730E00FA632E /* AppDelegate.m in Sources */,
			);
			runOnlyForDeploymentPostprocessing = 0;
		};
		B20004762179731000FA632E /* Sources */ = {
			isa = PBXSourcesBuildPhase;
			buildActionMask = 2147483647;
			files = (
				B200047F2179731000FA632E /* PracticeDemoTests.m in Sources */,
			);
			runOnlyForDeploymentPostprocessing = 0;
		};
		B20004812179731000FA632E /* Sources */ = {
			isa = PBXSourcesBuildPhase;
			buildActionMask = 2147483647;
			files = (
				B200048A2179731000FA632E /* PracticeDemoUITests.m in Sources */,
			);
			runOnlyForDeploymentPostprocessing = 0;
		};
/* End PBXSourcesBuildPhase section */

/* Begin PBXTargetDependency section */
		B200047C2179731000FA632E /* PBXTargetDependency */ = {
			isa = PBXTargetDependency;
			target = B20004612179730E00FA632E /* PracticeDemo */;
			targetProxy = B200047B2179731000FA632E /* PBXContainerItemProxy */;
		};
		B20004872179731000FA632E /* PBXTargetDependency */ = {
			isa = PBXTargetDependency;
			target = B20004612179730E00FA632E /* PracticeDemo */;
			targetProxy = B20004862179731000FA632E /* PBXContainerItemProxy */;
		};
/* End PBXTargetDependency section */

/* Begin PBXVariantGroup section */
		B200046B2179730E00FA632E /* Main.storyboard */ = {
			isa = PBXVariantGroup;
			children = (
				B200046C2179730E00FA632E /* Base */,
			);
			name = Main.storyboard;
			sourceTree = "<group>";
		};
		B20004702179730F00FA632E /* LaunchScreen.storyboard */ = {
			isa = PBXVariantGroup;
			children = (
				B20004712179730F00FA632E /* Base */,
			);
			name = LaunchScreen.storyboard;
			sourceTree = "<group>";
		};
/* End PBXVariantGroup section */

/* Begin XCBuildConfiguration section */
		B200048C2179731000FA632E /* Debug */ = {
			isa = XCBuildConfiguration;
			buildSettings = {
				ALWAYS_SEARCH_USER_PATHS = NO;
				CLANG_ANALYZER_NONNULL = YES;
				CLANG_ANALYZER_NUMBER_OBJECT_CONVERSION = YES_AGGRESSIVE;
				CLANG_CXX_LANGUAGE_STANDARD = "gnu++14";
				CLANG_CXX_LIBRARY = "libc++";
				CLANG_ENABLE_MODULES = YES;
				CLANG_ENABLE_OBJC_ARC = YES;
				CLANG_ENABLE_OBJC_WEAK = YES;
				CLANG_WARN_BLOCK_CAPTURE_AUTORELEASING = YES;
				CLANG_WARN_BOOL_CONVERSION = YES;
				CLANG_WARN_COMMA = YES;
				CLANG_WARN_CONSTANT_CONVERSION = YES;
				CLANG_WARN_DEPRECATED_OBJC_IMPLEMENTATIONS = YES;
				CLANG_WARN_DIRECT_OBJC_ISA_USAGE = YES_ERROR;
				CLANG_WARN_DOCUMENTATION_COMMENTS = YES;
				CLANG_WARN_EMPTY_BODY = YES;
				CLANG_WARN_ENUM_CONVERSION = YES;
				CLANG_WARN_INFINITE_RECURSION = YES;
				CLANG_WARN_INT_CONVERSION = YES;
				CLANG_WARN_NON_LITERAL_NULL_CONVERSION = YES;
				CLANG_WARN_OBJC_IMPLICIT_RETAIN_SELF = YES;
				CLANG_WARN_OBJC_LITERAL_CONVERSION = YES;
				CLANG_WARN_OBJC_ROOT_CLASS = YES_ERROR;
				CLANG_WARN_RANGE_LOOP_ANALYSIS = YES;
				CLANG_WARN_STRICT_PROTOTYPES = YES;
				CLANG_WARN_SUSPICIOUS_MOVE = YES;
				CLANG_WARN_UNGUARDED_AVAILABILITY = YES_AGGRESSIVE;
				CLANG_WARN_UNREACHABLE_CODE = YES;
				CLANG_WARN__DUPLICATE_METHOD_MATCH = YES;
				CODE_SIGN_IDENTITY = "iPhone Developer";
				COPY_PHASE_STRIP = NO;
				DEBUG_INFORMATION_FORMAT = dwarf;
				ENABLE_STRICT_OBJC_MSGSEND = YES;
				ENABLE_TESTABILITY = YES;
				GCC_C_LANGUAGE_STANDARD = gnu11;
				GCC_DYNAMIC_NO_PIC = NO;
				GCC_NO_COMMON_BLOCKS = YES;
				GCC_OPTIMIZATION_LEVEL = 0;
				GCC_PREPROCESSOR_DEFINITIONS = (
					"DEBUG=1",
					"$(inherited)",
				);
				GCC_WARN_64_TO_32_BIT_CONVERSION = YES;
				GCC_WARN_ABOUT_RETURN_TYPE = YES_ERROR;
				GCC_WARN_UNDECLARED_SELECTOR = YES;
				GCC_WARN_UNINITIALIZED_AUTOS = YES_AGGRESSIVE;
				GCC_WARN_UNUSED_FUNCTION = YES;
				GCC_WARN_UNUSED_VARIABLE = YES;
				IPHONEOS_DEPLOYMENT_TARGET = 12.0;
				MTL_ENABLE_DEBUG_INFO = INCLUDE_SOURCE;
				MTL_FAST_MATH = YES;
				ONLY_ACTIVE_ARCH = YES;
				SDKROOT = iphoneos;
			};
			name = Debug;
		};
		B200048D2179731000FA632E /* Release */ = {
			isa = XCBuildConfiguration;
			buildSettings = {
				ALWAYS_SEARCH_USER_PATHS = NO;
				CLANG_ANALYZER_NONNULL = YES;
				CLANG_ANALYZER_NUMBER_OBJECT_CONVERSION = YES_AGGRESSIVE;
				CLANG_CXX_LANGUAGE_STANDARD = "gnu++14";
				CLANG_CXX_LIBRARY = "libc++";
				CLANG_ENABLE_MODULES = YES;
				CLANG_ENABLE_OBJC_ARC = YES;
				CLANG_ENABLE_OBJC_WEAK = YES;
				CLANG_WARN_BLOCK_CAPTURE_AUTORELEASING = YES;
				CLANG_WARN_BOOL_CONVERSION = YES;
				CLANG_WARN_COMMA = YES;
				CLANG_WARN_CONSTANT_CONVERSION = YES;
				CLANG_WARN_DEPRECATED_OBJC_IMPLEMENTATIONS = YES;
				CLANG_WARN_DIRECT_OBJC_ISA_USAGE = YES_ERROR;
				CLANG_WARN_DOCUMENTATION_COMMENTS = YES;
				CLANG_WARN_EMPTY_BODY = YES;
				CLANG_WARN_ENUM_CONVERSION = YES;
				CLANG_WARN_INFINITE_RECURSION = YES;
				CLANG_WARN_INT_CONVERSION = YES;
				CLANG_WARN_NON_LITERAL_NULL_CONVERSION = YES;
				CLANG_WARN_OBJC_IMPLICIT_RETAIN_SELF = YES;
				CLANG_WARN_OBJC_LITERAL_CONVERSION = YES;
				CLANG_WARN_OBJC_ROOT_CLASS = YES_ERROR;
				CLANG_WARN_RANGE_LOOP_ANALYSIS = YES;
				CLANG_WARN_STRICT_PROTOTYPES = YES;
				CLANG_WARN_SUSPICIOUS_MOVE = YES;
				CLANG_WARN_UNGUARDED_AVAILABILITY = YES_AGGRESSIVE;
				CLANG_WARN_UNREACHABLE_CODE = YES;
				CLANG_WARN__DUPLICATE_METHOD_MATCH = YES;
				CODE_SIGN_IDENTITY = "iPhone Developer";
				COPY_PHASE_STRIP = NO;
				DEBUG_INFORMATION_FORMAT = "dwarf-with-dsym";
				ENABLE_NS_ASSERTIONS = NO;
				ENABLE_STRICT_OBJC_MSGSEND = YES;
				GCC_C_LANGUAGE_STANDARD = gnu11;
				GCC_NO_COMMON_BLOCKS = YES;
				GCC_WARN_64_TO_32_BIT_CONVERSION = YES;
				GCC_WARN_ABOUT_RETURN_TYPE = YES_ERROR;
				GCC_WARN_UNDECLARED_SELECTOR = YES;
				GCC_WARN_UNINITIALIZED_AUTOS = YES_AGGRESSIVE;
				GCC_WARN_UNUSED_FUNCTION = YES;
				GCC_WARN_UNUSED_VARIABLE = YES;
				IPHONEOS_DEPLOYMENT_TARGET = 12.0;
				MTL_ENABLE_DEBUG_INFO = NO;
				MTL_FAST_MATH = YES;
				SDKROOT = iphoneos;
				VALIDATE_PRODUCT = YES;
			};
			name = Release;
		};
		B200048F2179731000FA632E /* Debug */ = {
			isa = XCBuildConfiguration;
			buildSettings = {
				ASSETCATALOG_COMPILER_APPICON_NAME = AppIcon;
				CODE_SIGN_STYLE = Automatic;
				INFOPLIST_FILE = PracticeDemo/Info.plist;
				LD_RUNPATH_SEARCH_PATHS = (
					"$(inherited)",
					"@executable_path/Frameworks",
				);
				PRODUCT_BUNDLE_IDENTIFIER = com.fenghuo.PracticeDemo;
				PRODUCT_NAME = "$(TARGET_NAME)";
				TARGETED_DEVICE_FAMILY = "1,2";
			};
			name = Debug;
		};
		B20004902179731000FA632E /* Release */ = {
			isa = XCBuildConfiguration;
			buildSettings = {
				ASSETCATALOG_COMPILER_APPICON_NAME = AppIcon;
				CODE_SIGN_STYLE = Automatic;
				INFOPLIST_FILE = PracticeDemo/Info.plist;
				LD_RUNPATH_SEARCH_PATHS = (
					"$(inherited)",
					"@executable_path/Frameworks",
				);
				PRODUCT_BUNDLE_IDENTIFIER = com.fenghuo.PracticeDemo;
				PRODUCT_NAME = "$(TARGET_NAME)";
				TARGETED_DEVICE_FAMILY = "1,2";
			};
			name = Release;
		};
		B20004922179731000FA632E /* Debug */ = {
			isa = XCBuildConfiguration;
			buildSettings = {
				BUNDLE_LOADER = "$(TEST_HOST)";
				CODE_SIGN_STYLE = Automatic;
				INFOPLIST_FILE = PracticeDemoTests/Info.plist;
				LD_RUNPATH_SEARCH_PATHS = (
					"$(inherited)",
					"@executable_path/Frameworks",
					"@loader_path/Frameworks",
				);
				PRODUCT_BUNDLE_IDENTIFIER = com.fenghuo.PracticeDemoTests;
				PRODUCT_NAME = "$(TARGET_NAME)";
				TARGETED_DEVICE_FAMILY = "1,2";
				TEST_HOST = "$(BUILT_PRODUCTS_DIR)/PracticeDemo.app/PracticeDemo";
			};
			name = Debug;
		};
		B20004932179731000FA632E /* Release */ = {
			isa = XCBuildConfiguration;
			buildSettings = {
				BUNDLE_LOADER = "$(TEST_HOST)";
				CODE_SIGN_STYLE = Automatic;
				INFOPLIST_FILE = PracticeDemoTests/Info.plist;
				LD_RUNPATH_SEARCH_PATHS = (
					"$(inherited)",
					"@executable_path/Frameworks",
					"@loader_path/Frameworks",
				);
				PRODUCT_BUNDLE_IDENTIFIER = com.fenghuo.PracticeDemoTests;
				PRODUCT_NAME = "$(TARGET_NAME)";
				TARGETED_DEVICE_FAMILY = "1,2";
				TEST_HOST = "$(BUILT_PRODUCTS_DIR)/PracticeDemo.app/PracticeDemo";
			};
			name = Release;
		};
		B20004952179731000FA632E /* Debug */ = {
			isa = XCBuildConfiguration;
			buildSettings = {
				CODE_SIGN_STYLE = Automatic;
				INFOPLIST_FILE = PracticeDemoUITests/Info.plist;
				LD_RUNPATH_SEARCH_PATHS = (
					"$(inherited)",
					"@executable_path/Frameworks",
					"@loader_path/Frameworks",
				);
				PRODUCT_BUNDLE_IDENTIFIER = com.fenghuo.PracticeDemoUITests;
				PRODUCT_NAME = "$(TARGET_NAME)";
				TARGETED_DEVICE_FAMILY = "1,2";
				TEST_TARGET_NAME = PracticeDemo;
			};
			name = Debug;
		};
		B20004962179731000FA632E /* Release */ = {
			isa = XCBuildConfiguration;
			buildSettings = {
				CODE_SIGN_STYLE = Automatic;
				INFOPLIST_FILE = PracticeDemoUITests/Info.plist;
				LD_RUNPATH_SEARCH_PATHS = (
					"$(inherited)",
					"@executable_path/Frameworks",
					"@loader_path/Frameworks",
				);
				PRODUCT_BUNDLE_IDENTIFIER = com.fenghuo.PracticeDemoUITests;
				PRODUCT_NAME = "$(TARGET_NAME)";
				TARGETED_DEVICE_FAMILY = "1,2";
				TEST_TARGET_NAME = PracticeDemo;
			};
			name = Release;
		};
/* End XCBuildConfiguration section */

/* Begin XCConfigurationList section */
		B200045D2179730E00FA632E /* Build configuration list for PBXProject "PracticeDemo" */ = {
			isa = XCConfigurationList;
			buildConfigurations = (
				B200048C2179731000FA632E /* Debug */,
				B200048D2179731000FA632E /* Release */,
			);
			defaultConfigurationIsVisible = 0;
			defaultConfigurationName = Release;
		};
		B200048E2179731000FA632E /* Build configuration list for PBXNativeTarget "PracticeDemo" */ = {
			isa = XCConfigurationList;
			buildConfigurations = (
				B200048F2179731000FA632E /* Debug */,
				B20004902179731000FA632E /* Release */,
			);
			defaultConfigurationIsVisible = 0;
			defaultConfigurationName = Release;
		};
		B20004912179731000FA632E /* Build configuration list for PBXNativeTarget "PracticeDemoTests" */ = {
			isa = XCConfigurationList;
			buildConfigurations = (
				B20004922179731000FA632E /* Debug */,
				B20004932179731000FA632E /* Release */,
			);
			defaultConfigurationIsVisible = 0;
			defaultConfigurationName = Release;
		};
		B20004942179731000FA632E /* Build configuration list for PBXNativeTarget "PracticeDemoUITests" */ = {
			isa = XCConfigurationList;
			buildConfigurations = (
				B20004952179731000FA632E /* Debug */,
				B20004962179731000FA632E /* Release */,
			);
			defaultConfigurationIsVisible = 0;
			defaultConfigurationName = Release;
		};
/* End XCConfigurationList section */
	};
	rootObject = B200045A2179730E00FA632E /* Project object */;
}
